# Google Calendar: pinned secure credential store for the existing Python runtime.
keyring==25.7.0
jaraco.classes==3.4.0
jaraco.context==6.1.2
jaraco.functools==4.6.0
more-itertools==11.1.0

# Explicit MCP initialization / tool-list checks through the pinned Hermes adapter.
# Keep the existing runtime Starlette version (no downgrade to the older extra pin).
mcp==2.0.0
mcp-types==2.0.0
httpx2==2.7.0
httpcore2==2.7.0
starlette==1.6.0
jsonschema==4.26.0
jsonschema-specifications==2025.9.1
opentelemetry-api==1.44.0
referencing==0.37.0
rpds-py==2026.6.3
sse-starlette==3.4.11
truststore==0.10.4
